
Microsoft Visual Studio Solution File, Format Version 12.00
# Visual Studio Version 17
VisualStudioVersion = 17.7.34031.279
MinimumVisualStudioVersion = 10.0.40219.1
Project("{8BC9CEB8-8B4A-11D0-8D11-00A0C91BC942}") = "Assembly Return and Nop (no-op)", "Assembly Return and Nop (no-op)\Assembly Return and Nop (no-op).vcxproj", "{C5002403-AF7C-4A9F-9FE7-D17AEBEDD763}"
EndProject
Global
	GlobalSection(SolutionConfigurationPlatforms) = preSolution
		Debug|x64 = Debug|x64
		Debug|x86 = Debug|x86
		Release|x64 = Release|x64
		Release|x86 = Release|x86
	EndGlobalSection
	GlobalSection(ProjectConfigurationPlatforms) = postSolution
		{C5002403-AF7C-4A9F-9FE7-D17AEBEDD763}.Debug|x64.ActiveCfg = Debug|x64
		{C5002403-AF7C-4A9F-9FE7-D17AEBEDD763}.Debug|x64.Build.0 = Debug|x64
		{C5002403-AF7C-4A9F-9FE7-D17AEBEDD763}.Debug|x86.ActiveCfg = Debug|Win32
		{C5002403-AF7C-4A9F-9FE7-D17AEBEDD763}.Debug|x86.Build.0 = Debug|Win32
		{C5002403-AF7C-4A9F-9FE7-D17AEBEDD763}.Release|x64.ActiveCfg = Release|x64
		{C5002403-AF7C-4A9F-9FE7-D17AEBEDD763}.Release|x64.Build.0 = Release|x64
		{C5002403-AF7C-4A9F-9FE7-D17AEBEDD763}.Release|x86.ActiveCfg = Release|Win32
		{C5002403-AF7C-4A9F-9FE7-D17AEBEDD763}.Release|x86.Build.0 = Release|Win32
	EndGlobalSection
	GlobalSection(SolutionProperties) = preSolution
		HideSolutionNode = FALSE
	EndGlobalSection
	GlobalSection(ExtensibilityGlobals) = postSolution
		SolutionGuid = {86A8FEAF-8427-4357-BDBD-7691AC943D24}
	EndGlobalSection
EndGlobal
